<?xml version="1.0" encoding="utf-8"?>
<Project ToolsVersion="4.0" xmlns="http://schemas.microsoft.com/developer/msbuild/2003">
  <ItemGroup>
    <Filter Include="Source Files">
      <UniqueIdentifier>{4FC737F1-C7A5-4376-A066-2A32D752A2FF}</UniqueIdentifier>
      <Extensions>cpp;c;cc;cxx;c++;cppm;ixx;def;odl;idl;hpj;bat;asm;asmx</Extensions>
    </Filter>
    <Filter Include="Header Files">
      <UniqueIdentifier>{93995380-89BD-4b04-88EB-625FBE52EBFB}</UniqueIdentifier>
      <Extensions>h;hh;hpp;hxx;h++;hm;inl;inc;ipp;xsd</Extensions>
    </Filter>
    <Filter Include="Resource Files">
      <UniqueIdentifier>{67DA6AB6-F800-4c08-8B7A-83BB121AAD01}</UniqueIdentifier>
      <Extensions>rc;ico;cur;bmp;dlg;rc2;rct;bin;rgs;gif;jpg;jpeg;jpe;resx;tiff;tif;png;wav;mfcribbon-ms</Extensions>
    </Filter>
  </ItemGroup>
  <ItemGroup>
    <ClCompile Include="adressbook.cpp">
      <Filter>Source Files</Filter>
    </ClCompile>
    <ClCompile Include="server.cpp">
      <Filter>Source Files</Filter>
    </ClCompile>
    <ClCompile Include="route\route_guide.grpc.pb.cc">
      <Filter>Source Files</Filter>
    </ClCompile>
    <ClCompile Include="route\route_guide.pb.cc">
      <Filter>Source Files</Filter>
    </ClCompile>
    <ClCompile Include="tutorial\addressbook.pb.cc">
      <Filter>Source Files</Filter>
    </ClCompile>
    <ClCompile Include="person.cpp">
      <Filter>Source Files</Filter>
    </ClCompile>
    <ClCompile Include="client.cpp">
      <Filter>Source Files</Filter>
    </ClCompile>
  </ItemGroup>
  <ItemGroup>
    <None Include="tutorial\addressbook.proto">
      <Filter>Source Files</Filter>
    </None>
    <None Include="route\route_guide.proto">
      <Filter>Source Files</Filter>
    </None>
  </ItemGroup>
  <ItemGroup>
    <ClInclude Include="route\route_guide.grpc.pb.h">
      <Filter>Header Files</Filter>
    </ClInclude>
    <ClInclude Include="route\route_guide.pb.h">
      <Filter>Header Files</Filter>
    </ClInclude>
    <ClInclude Include="server.h">
      <Filter>Header Files</Filter>
    </ClInclude>
    <ClInclude Include="tutorial\addressbook.pb.h">
      <Filter>Header Files</Filter>
    </ClInclude>
    <ClInclude Include="person.h">
      <Filter>Header Files</Filter>
    </ClInclude>
    <ClInclude Include="..\..\..\..\..\..\localapp\apps\vcpkg\vcpkg\packages\grpc_x64-windows\include\grpcpp\server_builder.h">
      <Filter>Header Files</Filter>
    </ClInclude>
    <ClInclude Include="..\..\..\..\..\..\localapp\apps\vcpkg\vcpkg\packages\grpc_x64-windows\include\grpcpp\impl\server_builder_option.h">
      <Filter>Header Files</Filter>
    </ClInclude>
    <ClInclude Include="..\..\..\..\..\..\localapp\apps\vcpkg\vcpkg\packages\grpc_x64-windows\include\grpcpp\impl\server_builder_plugin.h">
      <Filter>Header Files</Filter>
    </ClInclude>
    <ClInclude Include="client.h">
      <Filter>Header Files</Filter>
    </ClInclude>
  </ItemGroup>
</Project>